
Microsoft Visual Studio Solution File, Format Version 12.00
# Visual Studio 15
VisualStudioVersion = 15.0.28010.0
MinimumVisualStudioVersion = 10.0.40219.1
Project("{FAE04EC0-301F-11D3-BF4B-00C04F79EFBC}") = "WebApplication4", "WebApplication4\WebApplication4.csproj", "{B64FE28E-65B2-47D5-B9EE-BC3ED1BE58C3}"
EndProject
Global
	GlobalSection(SolutionConfigurationPlatforms) = preSolution
		Debug|Any CPU = Debug|Any CPU
		Release|Any CPU = Release|Any CPU
	EndGlobalSection
	GlobalSection(ProjectConfigurationPlatforms) = postSolution
		{B64FE28E-65B2-47D5-B9EE-BC3ED1BE58C3}.Debug|Any CPU.ActiveCfg = Debug|Any CPU
		{B64FE28E-65B2-47D5-B9EE-BC3ED1BE58C3}.Debug|Any CPU.Build.0 = Debug|Any CPU
		{B64FE28E-65B2-47D5-B9EE-BC3ED1BE58C3}.Release|Any CPU.ActiveCfg = Release|Any CPU
		{B64FE28E-65B2-47D5-B9EE-BC3ED1BE58C3}.Release|Any CPU.Build.0 = Release|Any CPU
	EndGlobalSection
	GlobalSection(SolutionProperties) = preSolution
		HideSolutionNode = FALSE
	EndGlobalSection
	GlobalSection(ExtensibilityGlobals) = postSolution
		SolutionGuid = {B3A3C0C8-5D44-47DC-9110-3648D52CDDF7}
	EndGlobalSection
EndGlobal
